
Microsoft Visual Studio Solution File, Format Version 11.00
# Visual Studio 2010
Project("{FAE04EC0-301F-11D3-BF4B-00C04F79EFBC}") = "NumToUkr", "NumToUkr\NumToUkr.csproj", "{5C5F8D64-40F3-4AEB-B270-374F82628F2A}"
EndProject
Project("{FAE04EC0-301F-11D3-BF4B-00C04F79EFBC}") = "TestNumToUkr", "TestNumToUkr\TestNumToUkr.csproj", "{199538C0-D631-4492-9778-FBC1AEAABF0F}"
EndProject
Project("{2150E333-8FDC-42A3-9474-1A3956D46DE8}") = "Solution Items", "Solution Items", "{EBC3A451-444F-4B0F-9340-82B4BADB876F}"
	ProjectSection(SolutionItems) = preProject
		Exytab.NumToUkr.vsmdi = Exytab.NumToUkr.vsmdi
		Local.testsettings = Local.testsettings
		README.md = README.md
		TraceAndTestImpact.testsettings = TraceAndTestImpact.testsettings
	EndProjectSection
EndProject
Global
	GlobalSection(TestCaseManagementSettings) = postSolution
		CategoryFile = Exytab.NumToUkr.vsmdi
	EndGlobalSection
	GlobalSection(SolutionConfigurationPlatforms) = preSolution
		Debug|Any CPU = Debug|Any CPU
		Release|Any CPU = Release|Any CPU
	EndGlobalSection
	GlobalSection(ProjectConfigurationPlatforms) = postSolution
		{5C5F8D64-40F3-4AEB-B270-374F82628F2A}.Debug|Any CPU.ActiveCfg = Debug|Any CPU
		{5C5F8D64-40F3-4AEB-B270-374F82628F2A}.Debug|Any CPU.Build.0 = Debug|Any CPU
		{5C5F8D64-40F3-4AEB-B270-374F82628F2A}.Release|Any CPU.ActiveCfg = Release|Any CPU
		{5C5F8D64-40F3-4AEB-B270-374F82628F2A}.Release|Any CPU.Build.0 = Release|Any CPU
		{199538C0-D631-4492-9778-FBC1AEAABF0F}.Debug|Any CPU.ActiveCfg = Debug|Any CPU
		{199538C0-D631-4492-9778-FBC1AEAABF0F}.Debug|Any CPU.Build.0 = Debug|Any CPU
		{199538C0-D631-4492-9778-FBC1AEAABF0F}.Release|Any CPU.ActiveCfg = Release|Any CPU
		{199538C0-D631-4492-9778-FBC1AEAABF0F}.Release|Any CPU.Build.0 = Release|Any CPU
	EndGlobalSection
	GlobalSection(SolutionProperties) = preSolution
		HideSolutionNode = FALSE
	EndGlobalSection
EndGlobal
